// !$*UTF8*$!
{
	archiveVersion = 1;
	classes = {
	};
	objectVersion = 50;
	objects = {

/* Begin PBXBuildFile section */
		714E643F22A7897D003D6E2B /* AppDelegate.m in Sources */ = {isa = PBXBuildFile; fileRef = 714E643E22A7897D003D6E2B /* AppDelegate.m */; };
		714E644222A7897D003D6E2B /* ViewController.m in Sources */ = {isa = PBXBuildFile; fileRef = 714E644122A7897D003D6E2B /* ViewController.m */; };
		714E644522A7897D003D6E2B /* Main.storyboard in Resources */ = {isa = PBXBuildFile; fileRef = 714E644322A7897D003D6E2B /* Main.storyboard */; };
		714E644722A7897F003D6E2B /* Assets.xcassets in Resources */ = {isa = PBXBuildFile; fileRef = 714E644622A7897F003D6E2B /* Assets.xcassets */; };
		714E644A22A7897F003D6E2B /* LaunchScreen.storyboard in Resources */ = {isa = PBXBuildFile; fileRef = 714E644822A7897F003D6E2B /* LaunchScreen.storyboard */; };
		714E644D22A7897F003D6E2B /* main.m in Sources */ = {isa = PBXBuildFile; fileRef = 714E644C22A7897F003D6E2B /* main.m */; };
		714E645522A789CD003D6E2B /* YCPageView.m in Sources */ = {isa = PBXBuildFile; fileRef = 714E645422A789CD003D6E2B /* YCPageView.m */; };
/* End PBXBuildFile section */

/* Begin PBXFileReference section */
		714E643A22A7897D003D6E2B /* YCPageView.app */ = {isa = PBXFileReference; explicitFileType = wrapper.application; includeInIndex = 0; path = YCPageView.app; sourceTree = BUILT_PRODUCTS_DIR; };
		714E643D22A7897D003D6E2B /* AppDelegate.h */ = {isa = PBXFileReference; lastKnownFileType = sourcecode.c.h; path = AppDelegate.h; sourceTree = "<group>"; };
		714E643E22A7897D003D6E2B /* AppDelegate.m */ = {isa = PBXFileReference; lastKnownFileType = sourcecode.c.objc; path = AppDelegate.m; sourceTree = "<group>"; };
		714E644022A7897D003D6E2B /* ViewController.h */ = {isa = PBXFileReference; lastKnownFileType = sourcecode.c.h; path = ViewController.h; sourceTree = "<group>"; };
		714E644122A7897D003D6E2B /* ViewController.m */ = {isa = PBXFileReference; lastKnownFileType = sourcecode.c.objc; path = ViewController.m; sourceTree = "<group>"; };
		714E644422A7897D003D6E2B /* Base */ = {isa = PBXFileReference; lastKnownFileType = file.storyboard; name = Base; path = Base.lproj/Main.storyboard; sourceTree = "<group>"; };
		714E644622A7897F003D6E2B /* Assets.xcassets */ = {isa = PBXFileReference; lastKnownFileType = folder.assetcatalog; path = Assets.xcassets; sourceTree = "<group>"; };
		714E644922A7897F003D6E2B /* Base */ = {isa = PBXFileReference; lastKnownFileType = file.storyboard; name = Base; path = Base.lproj/LaunchScreen.storyboard; sourceTree = "<group>"; };
		714E644B22A7897F003D6E2B /* Info.plist */ = {isa = PBXFileReference; lastKnownFileType = text.plist.xml; path = Info.plist; sourceTree = "<group>"; };
		714E644C22A7897F003D6E2B /* main.m */ = {isa = PBXFileReference; lastKnownFileType = sourcecode.c.objc; path = main.m; sourceTree = "<group>"; };
		714E645322A789CD003D6E2B /* YCPageView.h */ = {isa = PBXFileReference; lastKnownFileType = sourcecode.c.h; path = YCPageView.h; sourceTree = "<group>"; };
		714E645422A789CD003D6E2B /* YCPageView.m */ = {isa = PBXFileReference; lastKnownFileType = sourcecode.c.objc; path = YCPageView.m; sourceTree = "<group>"; };
/* End PBXFileReference section */

/* Begin PBXFrameworksBuildPhase section */
		714E643722A7897D003D6E2B /* Frameworks */ = {
			isa = PBXFrameworksBuildPhase;
			buildActionMask = 2147483647;
			files = (
			);
			runOnlyForDeploymentPostprocessing = 0;
		};
/* End PBXFrameworksBuildPhase section */

/* Begin PBXGroup section */
		714E643122A7897D003D6E2B = {
			isa = PBXGroup;
			children = (
				714E643C22A7897D003D6E2B /* YCPageView */,
				714E643B22A7897D003D6E2B /* Products */,
			);
			sourceTree = "<group>";
		};
		714E643B22A7897D003D6E2B /* Products */ = {
			isa = PBXGroup;
			children = (
				714E643A22A7897D003D6E2B /* YCPageView.app */,
			);
			name = Products;
			sourceTree = "<group>";
		};
		714E643C22A7897D003D6E2B /* YCPageView */ = {
			isa = PBXGroup;
			children = (
				714E643D22A7897D003D6E2B /* AppDelegate.h */,
				714E643E22A7897D003D6E2B /* AppDelegate.m */,
				714E644022A7897D003D6E2B /* ViewController.h */,
				714E644122A7897D003D6E2B /* ViewController.m */,
				714E645322A789CD003D6E2B /* YCPageView.h */,
				714E645422A789CD003D6E2B /* YCPageView.m */,
				714E644322A7897D003D6E2B /* Main.storyboard */,
				714E644622A7897F003D6E2B /* Assets.xcassets */,
				714E644822A7897F003D6E2B /* LaunchScreen.storyboard */,
				714E644B22A7897F003D6E2B /* Info.plist */,
				714E644C22A7897F003D6E2B /* main.m */,
			);
			path = YCPageView;
			sourceTree = "<group>";
		};
/* End PBXGroup section */

/* Begin PBXNativeTarget section */
		714E643922A7897D003D6E2B /* YCPageView */ = {
			isa = PBXNativeTarget;
			buildConfigurationList = 714E645022A7897F003D6E2B /* Build configuration list for PBXNativeTarget "YCPageView" */;
			buildPhases = (
				714E643622A7897D003D6E2B /* Sources */,
				714E643722A7897D003D6E2B /* Frameworks */,
				714E643822A7897D003D6E2B /* Resources */,
			);
			buildRules = (
			);
			dependencies = (
			);
			name = YCPageView;
			productName = YCPageView;
			productReference = 714E643A22A7897D003D6E2B /* YCPageView.app */;
			productType = "com.apple.product-type.application";
		};
/* End PBXNativeTarget section */

/* Begin PBXProject section */
		714E643222A7897D003D6E2B /* Project object */ = {
			isa = PBXProject;
			attributes = {
				LastUpgradeCheck = 1020;
				ORGANIZATIONNAME = fancy;
				TargetAttributes = {
					714E643922A7897D003D6E2B = {
						CreatedOnToolsVersion = 10.2.1;
					};
				};
			};
			buildConfigurationList = 714E643522A7897D003D6E2B /* Build configuration list for PBXProject "YCPageView" */;
			compatibilityVersion = "Xcode 9.3";
			developmentRegion = en;
			hasScannedForEncodings = 0;
			knownRegions = (
				en,
				Base,
			);
			mainGroup = 714E643122A7897D003D6E2B;
			productRefGroup = 714E643B22A7897D003D6E2B /* Products */;
			projectDirPath = "";
			projectRoot = "";
			targets = (
				714E643922A7897D003D6E2B /* YCPageView */,
			);
		};
/* End PBXProject section */

/* Begin PBXResourcesBuildPhase section */
		714E643822A7897D003D6E2B /* Resources */ = {
			isa = PBXResourcesBuildPhase;
			buildActionMask = 2147483647;
			files = (
				714E644A22A7897F003D6E2B /* LaunchScreen.storyboard in Resources */,
				714E644722A7897F003D6E2B /* Assets.xcassets in Resources */,
				714E644522A7897D003D6E2B /* Main.storyboard in Resources */,
			);
			runOnlyForDeploymentPostprocessing = 0;
		};
/* End PBXResourcesBuildPhase section */

/* Begin PBXSourcesBuildPhase section */
		714E643622A7897D003D6E2B /* Sources */ = {
			isa = PBXSourcesBuildPhase;
			buildActionMask = 2147483647;
			files = (
				714E644222A7897D003D6E2B /* ViewController.m in Sources */,
				714E644D22A7897F003D6E2B /* main.m in Sources */,
				714E643F22A7897D003D6E2B /* AppDelegate.m in Sources */,
				714E645522A789CD003D6E2B /* YCPageView.m in Sources */,
			);
			runOnlyForDeploymentPostprocessing = 0;
		};
/* End PBXSourcesBuildPhase section */

/* Begin PBXVariantGroup section */
		714E644322A7897D003D6E2B /* Main.storyboard */ = {
			isa = PBXVariantGroup;
			children = (
				714E644422A7897D003D6E2B /* Base */,
			);
			name = Main.storyboard;
			sourceTree = "<group>";
		};
		714E644822A7897F003D6E2B /* LaunchScreen.storyboard */ = {
			isa = PBXVariantGroup;
			children = (
				714E644922A7897F003D6E2B /* Base */,
			);
			name = LaunchScreen.storyboard;
			sourceTree = "<group>";
		};
/* End PBXVariantGroup section */

/* Begin XCBuildConfiguration section */
		714E644E22A7897F003D6E2B /* Debug */ = {
			isa = XCBuildConfiguration;
			buildSettings = {
				ALWAYS_SEARCH_USER_PATHS = NO;
				CLANG_ANALYZER_NONNULL = YES;
				CLANG_ANALYZER_NUMBER_OBJECT_CONVERSION = YES_AGGRESSIVE;
				CLANG_CXX_LANGUAGE_STANDARD = "gnu++14";
				CLANG_CXX_LIBRARY = "libc++";
				CLANG_ENABLE_MODULES = YES;
				CLANG_ENABLE_OBJC_ARC = YES;
				CLANG_ENABLE_OBJC_WEAK = YES;
				CLANG_WARN_BLOCK_CAPTURE_AUTORELEASING = YES;
				CLANG_WARN_BOOL_CONVERSION = YES;
				CLANG_WARN_COMMA = YES;
				CLANG_WARN_CONSTANT_CONVERSION = YES;
				CLANG_WARN_DEPRECATED_OBJC_IMPLEMENTATIONS = YES;
				CLANG_WARN_DIRECT_OBJC_ISA_USAGE = YES_ERROR;
				CLANG_WARN_DOCUMENTATION_COMMENTS = YES;
				CLANG_WARN_EMPTY_BODY = YES;
				CLANG_WARN_ENUM_CONVERSION = YES;
				CLANG_WARN_INFINITE_RECURSION = YES;
				CLANG_WARN_INT_CONVERSION = YES;
				CLANG_WARN_NON_LITERAL_NULL_CONVERSION = YES;
				CLANG_WARN_OBJC_IMPLICIT_RETAIN_SELF = YES;
				CLANG_WARN_OBJC_LITERAL_CONVERSION = YES;
				CLANG_WARN_OBJC_ROOT_CLASS = YES_ERROR;
				CLANG_WARN_RANGE_LOOP_ANALYSIS = YES;
				CLANG_WARN_STRICT_PROTOTYPES = YES;
				CLANG_WARN_SUSPICIOUS_MOVE = YES;
				CLANG_WARN_UNGUARDED_AVAILABILITY = YES_AGGRESSIVE;
				CLANG_WARN_UNREACHABLE_CODE = YES;
				CLANG_WARN__DUPLICATE_METHOD_MATCH = YES;
				CODE_SIGN_IDENTITY = "iPhone Developer";
				COPY_PHASE_STRIP = NO;
				DEBUG_INFORMATION_FORMAT = dwarf;
				ENABLE_STRICT_OBJC_MSGSEND = YES;
				ENABLE_TESTABILITY = YES;
				GCC_C_LANGUAGE_STANDARD = gnu11;
				GCC_DYNAMIC_NO_PIC = NO;
				GCC_NO_COMMON_BLOCKS = YES;
				GCC_OPTIMIZATION_LEVEL = 0;
				GCC_PREPROCESSOR_DEFINITIONS = (
					"DEBUG=1",
					"$(inherited)",
				);
				GCC_WARN_64_TO_32_BIT_CONVERSION = YES;
				GCC_WARN_ABOUT_RETURN_TYPE = YES_ERROR;
				GCC_WARN_UNDECLARED_SELECTOR = YES;
				GCC_WARN_UNINITIALIZED_AUTOS = YES_AGGRESSIVE;
				GCC_WARN_UNUSED_FUNCTION = YES;
				GCC_WARN_UNUSED_VARIABLE = YES;
				IPHONEOS_DEPLOYMENT_TARGET = 12.2;
				MTL_ENABLE_DEBUG_INFO = INCLUDE_SOURCE;
				MTL_FAST_MATH = YES;
				ONLY_ACTIVE_ARCH = YES;
				SDKROOT = iphoneos;
			};
			name = Debug;
		};
		714E644F22A7897F003D6E2B /* Release */ = {
			isa = XCBuildConfiguration;
			buildSettings = {
				ALWAYS_SEARCH_USER_PATHS = NO;
				CLANG_ANALYZER_NONNULL = YES;
				CLANG_ANALYZER_NUMBER_OBJECT_CONVERSION = YES_AGGRESSIVE;
				CLANG_CXX_LANGUAGE_STANDARD = "gnu++14";
				CLANG_CXX_LIBRARY = "libc++";
				CLANG_ENABLE_MODULES = YES;
				CLANG_ENABLE_OBJC_ARC = YES;
				CLANG_ENABLE_OBJC_WEAK = YES;
				CLANG_WARN_BLOCK_CAPTURE_AUTORELEASING = YES;
				CLANG_WARN_BOOL_CONVERSION = YES;
				CLANG_WARN_COMMA = YES;
				CLANG_WARN_CONSTANT_CONVERSION = YES;
				CLANG_WARN_DEPRECATED_OBJC_IMPLEMENTATIONS = YES;
				CLANG_WARN_DIRECT_OBJC_ISA_USAGE = YES_ERROR;
				CLANG_WARN_DOCUMENTATION_COMMENTS = YES;
				CLANG_WARN_EMPTY_BODY = YES;
				CLANG_WARN_ENUM_CONVERSION = YES;
				CLANG_WARN_INFINITE_RECURSION = YES;
				CLANG_WARN_INT_CONVERSION = YES;
				CLANG_WARN_NON_LITERAL_NULL_CONVERSION = YES;
				CLANG_WARN_OBJC_IMPLICIT_RETAIN_SELF = YES;
				CLANG_WARN_OBJC_LITERAL_CONVERSION = YES;
				CLANG_WARN_OBJC_ROOT_CLASS = YES_ERROR;
				CLANG_WARN_RANGE_LOOP_ANALYSIS = YES;
				CLANG_WARN_STRICT_PROTOTYPES = YES;
				CLANG_WARN_SUSPICIOUS_MOVE = YES;
				CLANG_WARN_UNGUARDED_AVAILABILITY = YES_AGGRESSIVE;
				CLANG_WARN_UNREACHABLE_CODE = YES;
				CLANG_WARN__DUPLICATE_METHOD_MATCH = YES;
				CODE_SIGN_IDENTITY = "iPhone Developer";
				COPY_PHASE_STRIP = NO;
				DEBUG_INFORMATION_FORMAT = "dwarf-with-dsym";
				ENABLE_NS_ASSERTIONS = NO;
				ENABLE_STRICT_OBJC_MSGSEND = YES;
				GCC_C_LANGUAGE_STANDARD = gnu11;
				GCC_NO_COMMON_BLOCKS = YES;
				GCC_WARN_64_TO_32_BIT_CONVERSION = YES;
				GCC_WARN_ABOUT_RETURN_TYPE = YES_ERROR;
				GCC_WARN_UNDECLARED_SELECTOR = YES;
				GCC_WARN_UNINITIALIZED_AUTOS = YES_AGGRESSIVE;
				GCC_WARN_UNUSED_FUNCTION = YES;
				GCC_WARN_UNUSED_VARIABLE = YES;
				IPHONEOS_DEPLOYMENT_TARGET = 12.2;
				MTL_ENABLE_DEBUG_INFO = NO;
				MTL_FAST_MATH = YES;
				SDKROOT = iphoneos;
				VALIDATE_PRODUCT = YES;
			};
			name = Release;
		};
		714E645122A7897F003D6E2B /* Debug */ = {
			isa = XCBuildConfiguration;
			buildSettings = {
				ASSETCATALOG_COMPILER_APPICON_NAME = AppIcon;
				CODE_SIGN_STYLE = Automatic;
				INFOPLIST_FILE = YCPageView/Info.plist;
				LD_RUNPATH_SEARCH_PATHS = (
					"$(inherited)",
					"@executable_path/Frameworks",
				);
				PRODUCT_BUNDLE_IDENTIFIER = com.fancy.com.YCPageView;
				PRODUCT_NAME = "$(TARGET_NAME)";
				TARGETED_DEVICE_FAMILY = "1,2";
			};
			name = Debug;
		};
		714E645222A7897F003D6E2B /* Release */ = {
			isa = XCBuildConfiguration;
			buildSettings = {
				ASSETCATALOG_COMPILER_APPICON_NAME = AppIcon;
				CODE_SIGN_STYLE = Automatic;
				INFOPLIST_FILE = YCPageView/Info.plist;
				LD_RUNPATH_SEARCH_PATHS = (
					"$(inherited)",
					"@executable_path/Frameworks",
				);
				PRODUCT_BUNDLE_IDENTIFIER = com.fancy.com.YCPageView;
				PRODUCT_NAME = "$(TARGET_NAME)";
				TARGETED_DEVICE_FAMILY = "1,2";
			};
			name = Release;
		};
/* End XCBuildConfiguration section */

/* Begin XCConfigurationList section */
		714E643522A7897D003D6E2B /* Build configuration list for PBXProject "YCPageView" */ = {
			isa = XCConfigurationList;
			buildConfigurations = (
				714E644E22A7897F003D6E2B /* Debug */,
				714E644F22A7897F003D6E2B /* Release */,
			);
			defaultConfigurationIsVisible = 0;
			defaultConfigurationName = Release;
		};
		714E645022A7897F003D6E2B /* Build configuration list for PBXNativeTarget "YCPageView" */ = {
			isa = XCConfigurationList;
			buildConfigurations = (
				714E645122A7897F003D6E2B /* Debug */,
				714E645222A7897F003D6E2B /* Release */,
			);
			defaultConfigurationIsVisible = 0;
			defaultConfigurationName = Release;
		};
/* End XCConfigurationList section */
	};
	rootObject = 714E643222A7897D003D6E2B /* Project object */;
}
